
Microsoft Visual Studio Solution File, Format Version 12.00
# Visual Studio Version 17
VisualStudioVersion = 17.8.34511.84
MinimumVisualStudioVersion = 10.0.40219.1
Project("{9A19103F-16F7-4668-BE54-9A1E7A4F7556}") = "APIGetway", "APIGetway\APIGetway.csproj", "{E89A4B0D-08A4-45F0-869A-D56CA5DD73B9}"
EndProject
Project("{2150E333-8FDC-42A3-9474-1A3956D46DE8}") = "Services", "Services", "{85AC21A9-1A66-4145-8D4F-F5E2121C0FE2}"
EndProject
Project("{2150E333-8FDC-42A3-9474-1A3956D46DE8}") = "ContactAPI", "ContactAPI", "{406F4CBC-DA8C-43A5-A64E-F1CCC4A1CDDD}"
EndProject
Project("{FAE04EC0-301F-11D3-BF4B-00C04F79EFBC}") = "Contact.API.Models", "Services\ContactAPI\Contact.API.Models\Contact.API.Models.csproj", "{E8A81365-65D2-468C-AE3B-55E44D739A89}"
EndProject
Project("{FAE04EC0-301F-11D3-BF4B-00C04F79EFBC}") = "Contact.API.Infrastructure", "Services\ContactAPI\Contact.API.Infrastructure\Contact.API.Infrastructure.csproj", "{6C31671C-3503-4158-B410-B8141FDA3A9F}"
EndProject
Project("{2150E333-8FDC-42A3-9474-1A3956D46DE8}") = "ReservationAPI", "ReservationAPI", "{C32E8807-834D-4212-9C90-ED84244DF071}"
EndProject
Project("{FAE04EC0-301F-11D3-BF4B-00C04F79EFBC}") = "Reservation.API", "Services\ReservationAPI\Reservation.API\Reservation.API.csproj", "{A8E4D3AB-3822-4BC7-B4BB-DE10CE161F7A}"
EndProject
Project("{FAE04EC0-301F-11D3-BF4B-00C04F79EFBC}") = "Contact.API.Services", "Services\ContactAPI\Contact.API.Services\Contact.API.Services.csproj", "{591D5E54-BC71-4D0A-ABDD-9681428E1292}"
EndProject
Project("{FAE04EC0-301F-11D3-BF4B-00C04F79EFBC}") = "Contact.API", "Services\ContactAPI\Contact.API\Contact.API.csproj", "{8306BEA4-CAF5-4C2E-8CD9-8DA76ABD5556}"
EndProject
Project("{FAE04EC0-301F-11D3-BF4B-00C04F79EFBC}") = "Reservation.API.Infrastructure", "Services\ReservationAPI\Reservation.API.Infrastructure\Reservation.API.Infrastructure.csproj", "{15E9EBED-9BB4-4018-8994-614F12D0B056}"
EndProject
Project("{FAE04EC0-301F-11D3-BF4B-00C04F79EFBC}") = "Reservation.API.Models", "Services\ReservationAPI\Reservation.API.Models\Reservation.API.Models.csproj", "{957E390F-9A74-4F43-B5BA-C1541ECF417D}"
EndProject
Project("{FAE04EC0-301F-11D3-BF4B-00C04F79EFBC}") = "Reservation.API.Services", "Services\ReservationAPI\Reservation.API.Services\Reservation.API.Services.csproj", "{02AA7C9A-23B9-4343-8FBC-689C46BAB7BE}"
EndProject
Global
	GlobalSection(SolutionConfigurationPlatforms) = preSolution
		Debug|Any CPU = Debug|Any CPU
		Release|Any CPU = Release|Any CPU
	EndGlobalSection
	GlobalSection(ProjectConfigurationPlatforms) = postSolution
		{E89A4B0D-08A4-45F0-869A-D56CA5DD73B9}.Debug|Any CPU.ActiveCfg = Debug|Any CPU
		{E89A4B0D-08A4-45F0-869A-D56CA5DD73B9}.Debug|Any CPU.Build.0 = Debug|Any CPU
		{E89A4B0D-08A4-45F0-869A-D56CA5DD73B9}.Release|Any CPU.ActiveCfg = Release|Any CPU
		{E89A4B0D-08A4-45F0-869A-D56CA5DD73B9}.Release|Any CPU.Build.0 = Release|Any CPU
		{E8A81365-65D2-468C-AE3B-55E44D739A89}.Debug|Any CPU.ActiveCfg = Debug|Any CPU
		{E8A81365-65D2-468C-AE3B-55E44D739A89}.Debug|Any CPU.Build.0 = Debug|Any CPU
		{E8A81365-65D2-468C-AE3B-55E44D739A89}.Release|Any CPU.ActiveCfg = Release|Any CPU
		{E8A81365-65D2-468C-AE3B-55E44D739A89}.Release|Any CPU.Build.0 = Release|Any CPU
		{6C31671C-3503-4158-B410-B8141FDA3A9F}.Debug|Any CPU.ActiveCfg = Debug|Any CPU
		{6C31671C-3503-4158-B410-B8141FDA3A9F}.Debug|Any CPU.Build.0 = Debug|Any CPU
		{6C31671C-3503-4158-B410-B8141FDA3A9F}.Release|Any CPU.ActiveCfg = Release|Any CPU
		{6C31671C-3503-4158-B410-B8141FDA3A9F}.Release|Any CPU.Build.0 = Release|Any CPU
		{A8E4D3AB-3822-4BC7-B4BB-DE10CE161F7A}.Debug|Any CPU.ActiveCfg = Debug|Any CPU
		{A8E4D3AB-3822-4BC7-B4BB-DE10CE161F7A}.Debug|Any CPU.Build.0 = Debug|Any CPU
		{A8E4D3AB-3822-4BC7-B4BB-DE10CE161F7A}.Release|Any CPU.ActiveCfg = Release|Any CPU
		{A8E4D3AB-3822-4BC7-B4BB-DE10CE161F7A}.Release|Any CPU.Build.0 = Release|Any CPU
		{591D5E54-BC71-4D0A-ABDD-9681428E1292}.Debug|Any CPU.ActiveCfg = Debug|Any CPU
		{591D5E54-BC71-4D0A-ABDD-9681428E1292}.Debug|Any CPU.Build.0 = Debug|Any CPU
		{591D5E54-BC71-4D0A-ABDD-9681428E1292}.Release|Any CPU.ActiveCfg = Release|Any CPU
		{591D5E54-BC71-4D0A-ABDD-9681428E1292}.Release|Any CPU.Build.0 = Release|Any CPU
		{8306BEA4-CAF5-4C2E-8CD9-8DA76ABD5556}.Debug|Any CPU.ActiveCfg = Debug|Any CPU
		{8306BEA4-CAF5-4C2E-8CD9-8DA76ABD5556}.Debug|Any CPU.Build.0 = Debug|Any CPU
		{8306BEA4-CAF5-4C2E-8CD9-8DA76ABD5556}.Release|Any CPU.ActiveCfg = Release|Any CPU
		{8306BEA4-CAF5-4C2E-8CD9-8DA76ABD5556}.Release|Any CPU.Build.0 = Release|Any CPU
		{15E9EBED-9BB4-4018-8994-614F12D0B056}.Debug|Any CPU.ActiveCfg = Debug|Any CPU
		{15E9EBED-9BB4-4018-8994-614F12D0B056}.Debug|Any CPU.Build.0 = Debug|Any CPU
		{15E9EBED-9BB4-4018-8994-614F12D0B056}.Release|Any CPU.ActiveCfg = Release|Any CPU
		{15E9EBED-9BB4-4018-8994-614F12D0B056}.Release|Any CPU.Build.0 = Release|Any CPU
		{957E390F-9A74-4F43-B5BA-C1541ECF417D}.Debug|Any CPU.ActiveCfg = Debug|Any CPU
		{957E390F-9A74-4F43-B5BA-C1541ECF417D}.Debug|Any CPU.Build.0 = Debug|Any CPU
		{957E390F-9A74-4F43-B5BA-C1541ECF417D}.Release|Any CPU.ActiveCfg = Release|Any CPU
		{957E390F-9A74-4F43-B5BA-C1541ECF417D}.Release|Any CPU.Build.0 = Release|Any CPU
		{02AA7C9A-23B9-4343-8FBC-689C46BAB7BE}.Debug|Any CPU.ActiveCfg = Debug|Any CPU
		{02AA7C9A-23B9-4343-8FBC-689C46BAB7BE}.Debug|Any CPU.Build.0 = Debug|Any CPU
		{02AA7C9A-23B9-4343-8FBC-689C46BAB7BE}.Release|Any CPU.ActiveCfg = Release|Any CPU
		{02AA7C9A-23B9-4343-8FBC-689C46BAB7BE}.Release|Any CPU.Build.0 = Release|Any CPU
	EndGlobalSection
	GlobalSection(SolutionProperties) = preSolution
		HideSolutionNode = FALSE
	EndGlobalSection
	GlobalSection(NestedProjects) = preSolution
		{406F4CBC-DA8C-43A5-A64E-F1CCC4A1CDDD} = {85AC21A9-1A66-4145-8D4F-F5E2121C0FE2}
		{E8A81365-65D2-468C-AE3B-55E44D739A89} = {406F4CBC-DA8C-43A5-A64E-F1CCC4A1CDDD}
		{6C31671C-3503-4158-B410-B8141FDA3A9F} = {406F4CBC-DA8C-43A5-A64E-F1CCC4A1CDDD}
		{C32E8807-834D-4212-9C90-ED84244DF071} = {85AC21A9-1A66-4145-8D4F-F5E2121C0FE2}
		{A8E4D3AB-3822-4BC7-B4BB-DE10CE161F7A} = {C32E8807-834D-4212-9C90-ED84244DF071}
		{591D5E54-BC71-4D0A-ABDD-9681428E1292} = {406F4CBC-DA8C-43A5-A64E-F1CCC4A1CDDD}
		{8306BEA4-CAF5-4C2E-8CD9-8DA76ABD5556} = {406F4CBC-DA8C-43A5-A64E-F1CCC4A1CDDD}
		{15E9EBED-9BB4-4018-8994-614F12D0B056} = {C32E8807-834D-4212-9C90-ED84244DF071}
		{957E390F-9A74-4F43-B5BA-C1541ECF417D} = {C32E8807-834D-4212-9C90-ED84244DF071}
		{02AA7C9A-23B9-4343-8FBC-689C46BAB7BE} = {C32E8807-834D-4212-9C90-ED84244DF071}
	EndGlobalSection
	GlobalSection(ExtensibilityGlobals) = postSolution
		SolutionGuid = {D76F6AD0-966D-4FB7-BE46-3B1A7B842648}
	EndGlobalSection
EndGlobal
